
Microsoft Visual Studio Solution File, Format Version 12.00
# Visual Studio Version 17
VisualStudioVersion = 17.5.33530.505
MinimumVisualStudioVersion = 10.0.40219.1
Project("{FAE04EC0-301F-11D3-BF4B-00C04F79EFBC}") = "ReswToResX", "ReswToResX\ReswToResX.csproj", "{890F6A32-01CB-4339-9A12-E4618FC44520}"
EndProject
Global
	GlobalSection(SolutionConfigurationPlatforms) = preSolution
		Debug|Any CPU = Debug|Any CPU
		Release|Any CPU = Release|Any CPU
	EndGlobalSection
	GlobalSection(ProjectConfigurationPlatforms) = postSolution
		{890F6A32-01CB-4339-9A12-E4618FC44520}.Debug|Any CPU.ActiveCfg = Debug|Any CPU
		{890F6A32-01CB-4339-9A12-E4618FC44520}.Debug|Any CPU.Build.0 = Debug|Any CPU
		{890F6A32-01CB-4339-9A12-E4618FC44520}.Release|Any CPU.ActiveCfg = Release|Any CPU
		{890F6A32-01CB-4339-9A12-E4618FC44520}.Release|Any CPU.Build.0 = Release|Any CPU
	EndGlobalSection
	GlobalSection(SolutionProperties) = preSolution
		HideSolutionNode = FALSE
	EndGlobalSection
	GlobalSection(ExtensibilityGlobals) = postSolution
		SolutionGuid = {2A676ACD-4321-4C76-9C4E-6B9934F69F9E}
	EndGlobalSection
EndGlobal
